<?xml version="1.0" encoding="utf-8"?>
<Project ToolsVersion="4.0" xmlns="http://schemas.microsoft.com/developer/msbuild/2003">
  <ItemGroup>
    <Filter Include="源文件">
      <UniqueIdentifier>{4FC737F1-C7A5-4376-A066-2A32D752A2FF}</UniqueIdentifier>
      <Extensions>cpp;c;cc;cxx;c++;cppm;ixx;def;odl;idl;hpj;bat;asm;asmx</Extensions>
    </Filter>
    <Filter Include="头文件">
      <UniqueIdentifier>{93995380-89BD-4b04-88EB-625FBE52EBFB}</UniqueIdentifier>
      <Extensions>h;hh;hpp;hxx;h++;hm;inl;inc;ipp;xsd</Extensions>
    </Filter>
    <Filter Include="资源文件">
      <UniqueIdentifier>{67DA6AB6-F800-4c08-8B7A-83BB121AAD01}</UniqueIdentifier>
      <Extensions>rc;ico;cur;bmp;dlg;rc2;rct;bin;rgs;gif;jpg;jpeg;jpe;resx;tiff;tif;png;wav;mfcribbon-ms</Extensions>
    </Filter>
    <Filter Include="头文件\im_server">
      <UniqueIdentifier>{996ced08-c4d7-49a6-b8ba-3df8027056f1}</UniqueIdentifier>
    </Filter>
    <Filter Include="头文件\xfinal">
      <UniqueIdentifier>{a1621edd-f218-4fc3-a8d7-e4b0cd827200}</UniqueIdentifier>
    </Filter>
    <Filter Include="头文件\taskpool">
      <UniqueIdentifier>{189837fc-e2cb-44e1-956c-c6ae632b451a}</UniqueIdentifier>
    </Filter>
  </ItemGroup>
  <ItemGroup>
    <ClCompile Include="im_server_example_vc.cpp">
      <Filter>源文件</Filter>
    </ClCompile>
  </ItemGroup>
  <ItemGroup>
    <ClInclude Include="..\im_server\im_server.hpp">
      <Filter>头文件\im_server</Filter>
    </ClInclude>
    <ClInclude Include="..\im_server\im_server_t.hpp">
      <Filter>头文件\im_server</Filter>
    </ClInclude>
    <ClInclude Include="..\im_server\im_connect_t.hpp">
      <Filter>头文件\im_server</Filter>
    </ClInclude>
    <ClInclude Include="..\taskpool\taskpool_t.hpp">
      <Filter>头文件\taskpool</Filter>
    </ClInclude>
    <ClInclude Include="..\xfinal\xfinal\code_parser.hpp">
      <Filter>头文件\xfinal</Filter>
    </ClInclude>
    <ClInclude Include="..\xfinal\xfinal\connection.hpp">
      <Filter>头文件\xfinal</Filter>
    </ClInclude>
    <ClInclude Include="..\xfinal\xfinal\content_type.hpp">
      <Filter>头文件\xfinal</Filter>
    </ClInclude>
    <ClInclude Include="..\xfinal\xfinal\files.hpp">
      <Filter>头文件\xfinal</Filter>
    </ClInclude>
    <ClInclude Include="..\xfinal\xfinal\http_handler.hpp">
      <Filter>头文件\xfinal</Filter>
    </ClInclude>
    <ClInclude Include="..\xfinal\xfinal\http_parser.hpp">
      <Filter>头文件\xfinal</Filter>
    </ClInclude>
    <ClInclude Include="..\xfinal\xfinal\http_router.hpp">
      <Filter>头文件\xfinal</Filter>
    </ClInclude>
    <ClInclude Include="..\xfinal\xfinal\http_server.hpp">
      <Filter>头文件\xfinal</Filter>
    </ClInclude>
    <ClInclude Include="..\xfinal\xfinal\inja.hpp">
      <Filter>头文件\xfinal</Filter>
    </ClInclude>
    <ClInclude Include="..\xfinal\xfinal\ioservice_pool.hpp">
      <Filter>头文件\xfinal</Filter>
    </ClInclude>
    <ClInclude Include="..\xfinal\xfinal\json.hpp">
      <Filter>头文件\xfinal</Filter>
    </ClInclude>
    <ClInclude Include="..\xfinal\xfinal\md5.hpp">
      <Filter>头文件\xfinal</Filter>
    </ClInclude>
    <ClInclude Include="..\xfinal\xfinal\message_handler.hpp">
      <Filter>头文件\xfinal</Filter>
    </ClInclude>
    <ClInclude Include="..\xfinal\xfinal\mime.hpp">
      <Filter>头文件\xfinal</Filter>
    </ClInclude>
    <ClInclude Include="..\xfinal\xfinal\nanolog.hpp">
      <Filter>头文件\xfinal</Filter>
    </ClInclude>
    <ClInclude Include="..\xfinal\xfinal\response_status.hpp">
      <Filter>头文件\xfinal</Filter>
    </ClInclude>
    <ClInclude Include="..\xfinal\xfinal\session.hpp">
      <Filter>头文件\xfinal</Filter>
    </ClInclude>
    <ClInclude Include="..\xfinal\xfinal\sha1.hpp">
      <Filter>头文件\xfinal</Filter>
    </ClInclude>
    <ClInclude Include="..\xfinal\xfinal\string_view.hpp">
      <Filter>头文件\xfinal</Filter>
    </ClInclude>
    <ClInclude Include="..\xfinal\xfinal\utils.hpp">
      <Filter>头文件\xfinal</Filter>
    </ClInclude>
    <ClInclude Include="..\xfinal\xfinal\uuid.hpp">
      <Filter>头文件\xfinal</Filter>
    </ClInclude>
    <ClInclude Include="..\xfinal\xfinal\websokcet.hpp">
      <Filter>头文件\xfinal</Filter>
    </ClInclude>
    <ClInclude Include="..\xfinal\xfinal\xfinal.hpp">
      <Filter>头文件\xfinal</Filter>
    </ClInclude>
    <ClInclude Include="..\xfinal\xfinal\any.hpp">
      <Filter>头文件\xfinal</Filter>
    </ClInclude>
    <ClInclude Include="..\xfinal\xfinal\client.hpp">
      <Filter>头文件\xfinal</Filter>
    </ClInclude>
    <ClInclude Include="..\im_server\common_t.hpp">
      <Filter>头文件\im_server</Filter>
    </ClInclude>
    <ClInclude Include="..\im_server\im_typed_server_t.hpp">
      <Filter>头文件\im_server</Filter>
    </ClInclude>
    <ClInclude Include="..\im_server\span_t.hpp">
      <Filter>头文件\im_server</Filter>
    </ClInclude>
  </ItemGroup>
</Project>